
Microsoft Visual Studio Solution File, Format Version 12.00
# Visual Studio Version 16
VisualStudioVersion = 16.0.31005.135
MinimumVisualStudioVersion = 10.0.40219.1
Project("{9A19103F-16F7-4668-BE54-9A1E7A4F7556}") = "Data", "Data\Data.csproj", "{062510B0-4142-4848-A2F8-F338334E9E92}"
EndProject
Project("{9A19103F-16F7-4668-BE54-9A1E7A4F7556}") = "Utilities", "Utilities\Utilities.csproj", "{1AA5427F-A301-4789-A0CC-DC0D14EF59FC}"
EndProject
Project("{9A19103F-16F7-4668-BE54-9A1E7A4F7556}") = "Services", "Services\Services.csproj", "{A9AAF0C1-3B44-47B4-859A-E18B37495FF4}"
EndProject
Project("{FAE04EC0-301F-11D3-BF4B-00C04F79EFBC}") = "API", "API\API.csproj", "{8DD7C0D5-CCAD-444B-B8CF-9F3CD17FA8A5}"
EndProject
Project("{FAE04EC0-301F-11D3-BF4B-00C04F79EFBC}") = "Models", "Models\Models.csproj", "{6A55AC11-830E-49BE-B8BF-448E9B770AC5}"
EndProject
Global
	GlobalSection(SolutionConfigurationPlatforms) = preSolution
		Debug|Any CPU = Debug|Any CPU
		Release|Any CPU = Release|Any CPU
	EndGlobalSection
	GlobalSection(ProjectConfigurationPlatforms) = postSolution
		{062510B0-4142-4848-A2F8-F338334E9E92}.Debug|Any CPU.ActiveCfg = Debug|Any CPU
		{062510B0-4142-4848-A2F8-F338334E9E92}.Debug|Any CPU.Build.0 = Debug|Any CPU
		{062510B0-4142-4848-A2F8-F338334E9E92}.Release|Any CPU.ActiveCfg = Release|Any CPU
		{062510B0-4142-4848-A2F8-F338334E9E92}.Release|Any CPU.Build.0 = Release|Any CPU
		{1AA5427F-A301-4789-A0CC-DC0D14EF59FC}.Debug|Any CPU.ActiveCfg = Debug|Any CPU
		{1AA5427F-A301-4789-A0CC-DC0D14EF59FC}.Debug|Any CPU.Build.0 = Debug|Any CPU
		{1AA5427F-A301-4789-A0CC-DC0D14EF59FC}.Release|Any CPU.ActiveCfg = Release|Any CPU
		{1AA5427F-A301-4789-A0CC-DC0D14EF59FC}.Release|Any CPU.Build.0 = Release|Any CPU
		{A9AAF0C1-3B44-47B4-859A-E18B37495FF4}.Debug|Any CPU.ActiveCfg = Debug|Any CPU
		{A9AAF0C1-3B44-47B4-859A-E18B37495FF4}.Debug|Any CPU.Build.0 = Debug|Any CPU
		{A9AAF0C1-3B44-47B4-859A-E18B37495FF4}.Release|Any CPU.ActiveCfg = Release|Any CPU
		{A9AAF0C1-3B44-47B4-859A-E18B37495FF4}.Release|Any CPU.Build.0 = Release|Any CPU
		{8DD7C0D5-CCAD-444B-B8CF-9F3CD17FA8A5}.Debug|Any CPU.ActiveCfg = Debug|Any CPU
		{8DD7C0D5-CCAD-444B-B8CF-9F3CD17FA8A5}.Debug|Any CPU.Build.0 = Debug|Any CPU
		{8DD7C0D5-CCAD-444B-B8CF-9F3CD17FA8A5}.Release|Any CPU.ActiveCfg = Release|Any CPU
		{8DD7C0D5-CCAD-444B-B8CF-9F3CD17FA8A5}.Release|Any CPU.Build.0 = Release|Any CPU
		{6A55AC11-830E-49BE-B8BF-448E9B770AC5}.Debug|Any CPU.ActiveCfg = Debug|Any CPU
		{6A55AC11-830E-49BE-B8BF-448E9B770AC5}.Debug|Any CPU.Build.0 = Debug|Any CPU
		{6A55AC11-830E-49BE-B8BF-448E9B770AC5}.Release|Any CPU.ActiveCfg = Release|Any CPU
		{6A55AC11-830E-49BE-B8BF-448E9B770AC5}.Release|Any CPU.Build.0 = Release|Any CPU
	EndGlobalSection
	GlobalSection(SolutionProperties) = preSolution
		HideSolutionNode = FALSE
	EndGlobalSection
	GlobalSection(ExtensibilityGlobals) = postSolution
		SolutionGuid = {F1BCD03B-F5D3-470A-A47F-DD7084C228BC}
	EndGlobalSection
EndGlobal
